# This file is automatically @generated by Cargo.
# It is not intended for manual editing.
version = 3

[[package]]
name = "academy_library"
version = "0.1.0"

[[package]]
name = "financing_library"
version = "0.1.0"

[[package]]
name = "match_network_library"
version = "0.1.0"

[[package]]
name = "payments_library"
version = "0.1.0"

[[package]]
name = "shared_library"
version = "0.1.0"
